
Microsoft Visual Studio Solution File, Format Version 12.00
# Visual Studio Version 16
VisualStudioVersion = 16.0.32802.440
MinimumVisualStudioVersion = 10.0.40219.1
Project("{FAE04EC0-301F-11D3-BF4B-00C04F79EFBC}") = "EscolapiosInversores", "EscolapiosInversores\EscolapiosInversores.csproj", "{A95E88E2-6404-452F-ADC0-88B49F4A8805}"
EndProject
Global
	GlobalSection(SolutionConfigurationPlatforms) = preSolution
		Debug|Any CPU = Debug|Any CPU
		Release|Any CPU = Release|Any CPU
	EndGlobalSection
	GlobalSection(ProjectConfigurationPlatforms) = postSolution
		{A95E88E2-6404-452F-ADC0-88B49F4A8805}.Debug|Any CPU.ActiveCfg = Debug|Any CPU
		{A95E88E2-6404-452F-ADC0-88B49F4A8805}.Debug|Any CPU.Build.0 = Debug|Any CPU
		{A95E88E2-6404-452F-ADC0-88B49F4A8805}.Release|Any CPU.ActiveCfg = Release|Any CPU
		{A95E88E2-6404-452F-ADC0-88B49F4A8805}.Release|Any CPU.Build.0 = Release|Any CPU
	EndGlobalSection
	GlobalSection(SolutionProperties) = preSolution
		HideSolutionNode = FALSE
	EndGlobalSection
	GlobalSection(ExtensibilityGlobals) = postSolution
		SolutionGuid = {AC0A943E-AD61-4D44-ACBF-6B0D8DCD8404}
	EndGlobalSection
EndGlobal
